
Microsoft Visual Studio Solution File, Format Version 12.00
# Visual Studio Version 16
VisualStudioVersion = 16.0.30002.166
MinimumVisualStudioVersion = 10.0.40219.1
Project("{FAE04EC0-301F-11D3-BF4B-00C04F79EFBC}") = "Dating.App.Backend", "Dating.App.Backend\Dating.App.Backend.csproj", "{B3067A0F-5277-40FB-8DAC-148A9656900E}"
EndProject
Project("{FAE04EC0-301F-11D3-BF4B-00C04F79EFBC}") = "Dating.App.Backend.Models", "Dating.App.Backend.Models\Dating.App.Backend.Models.csproj", "{2C20EDD2-5F03-4499-B3F1-545F0011184D}"
EndProject
Global
	GlobalSection(SolutionConfigurationPlatforms) = preSolution
		Debug|Any CPU = Debug|Any CPU
		Release|Any CPU = Release|Any CPU
	EndGlobalSection
	GlobalSection(ProjectConfigurationPlatforms) = postSolution
		{B3067A0F-5277-40FB-8DAC-148A9656900E}.Debug|Any CPU.ActiveCfg = Debug|Any CPU
		{B3067A0F-5277-40FB-8DAC-148A9656900E}.Debug|Any CPU.Build.0 = Debug|Any CPU
		{B3067A0F-5277-40FB-8DAC-148A9656900E}.Release|Any CPU.ActiveCfg = Release|Any CPU
		{B3067A0F-5277-40FB-8DAC-148A9656900E}.Release|Any CPU.Build.0 = Release|Any CPU
		{2C20EDD2-5F03-4499-B3F1-545F0011184D}.Debug|Any CPU.ActiveCfg = Debug|Any CPU
		{2C20EDD2-5F03-4499-B3F1-545F0011184D}.Debug|Any CPU.Build.0 = Debug|Any CPU
		{2C20EDD2-5F03-4499-B3F1-545F0011184D}.Release|Any CPU.ActiveCfg = Release|Any CPU
		{2C20EDD2-5F03-4499-B3F1-545F0011184D}.Release|Any CPU.Build.0 = Release|Any CPU
	EndGlobalSection
	GlobalSection(SolutionProperties) = preSolution
		HideSolutionNode = FALSE
	EndGlobalSection
	GlobalSection(ExtensibilityGlobals) = postSolution
		SolutionGuid = {A469A359-585A-4F72-A95A-F5E7F92FD74C}
	EndGlobalSection
EndGlobal
